{
  "name": "paladin-example-common",
  "version": "0.0.1",
  "lockfileVersion": 3,
  "requires": true,
  "packages": {
    "": {
      "name": "paladin-example-common",
      "version": "0.0.1",
      "license": "Apache-2.0",
      "dependencies": {
        "@lfdecentralizedtrust-labs/paladin-sdk": "file:../../sdk/typescript"
      },
      "devDependencies": {
        "@types/node": "^22.8.7",
        "typescript": "^5.6.3"
      }
    },
    "../../sdk/typescript": {
      "name": "@lfdecentralizedtrust-labs/paladin-sdk",
      "version": "0.0.0",
      "license": "Apache-2.0",
      "dependencies": {
        "axios": "^1.7.7",
        "ethers": "^6.13.4",
        "uuid": "^11.0.2",
        "ws": "^8.18.1"
      },
      "devDependencies": {
        "@types/node": "^22.9.0",
        "@types/ws": "^8.18.0",
        "copy-file": "^11.0.0",
        "node-fetch": "^3.3.2",
        "tar": "^7.4.3",
        "typescript": "^5.6.3"
      }
    },
    "node_modules/@lfdecentralizedtrust-labs/paladin-sdk": {
      "resolved": "../../sdk/typescript",
      "link": true
    },
    "node_modules/@types/node": {
      "version": "22.15.23",
      "resolved": "https://registry.npmjs.org/@types/node/-/node-22.15.23.tgz",
      "integrity": "sha512-7Ec1zaFPF4RJ0eXu1YT/xgiebqwqoJz8rYPDi/O2BcZ++Wpt0Kq9cl0eg6NN6bYbPnR67ZLo7St5Q3UK0SnARw==",
      "dev": true,
      "license": "MIT",
      "dependencies": {
        "undici-types": "~6.21.0"
      }
    },
    "node_modules/typescript": {
      "version": "5.8.3",
      "resolved": "https://registry.npmjs.org/typescript/-/typescript-5.8.3.tgz",
      "integrity": "sha512-p1diW6TqL9L07nNxvRMM7hMMw4c5XOo/1ibL4aAIGmSAt9slTE1Xgw5KWuof2uTOvCg9BY7ZRi+GaF+7sfgPeQ==",
      "dev": true,
      "license": "Apache-2.0",
      "bin": {
        "tsc": "bin/tsc",
        "tsserver": "bin/tsserver"
      },
      "engines": {
        "node": ">=14.17"
      }
    },
    "node_modules/undici-types": {
      "version": "6.21.0",
      "resolved": "https://registry.npmjs.org/undici-types/-/undici-types-6.21.0.tgz",
      "integrity": "sha512-iwDZqg0QAGrg9Rav5H4n0M64c3mkR59cJ6wQp+7C4nI0gsmExaedaYLNO44eT4AtBBwjbTiGPMlt2Md0T9H9JQ==",
      "dev": true,
      "license": "MIT"
    }
  }
}
